
Microsoft Visual Studio Solution File, Format Version 12.00
# Visual Studio Version 17
VisualStudioVersion = 17.0.32014.148
MinimumVisualStudioVersion = 10.0.40219.1
Project("{FAE04EC0-301F-11D3-BF4B-00C04F79EFBC}") = "BouncingBalls", "BouncingBalls\BouncingBalls.csproj", "{C53AEB29-3476-4243-AA91-44B8759196CE}"
EndProject
Global
	GlobalSection(SolutionConfigurationPlatforms) = preSolution
		Debug|Any CPU = Debug|Any CPU
		Release|Any CPU = Release|Any CPU
	EndGlobalSection
	GlobalSection(ProjectConfigurationPlatforms) = postSolution
		{C53AEB29-3476-4243-AA91-44B8759196CE}.Debug|Any CPU.ActiveCfg = Debug|Any CPU
		{C53AEB29-3476-4243-AA91-44B8759196CE}.Debug|Any CPU.Build.0 = Debug|Any CPU
		{C53AEB29-3476-4243-AA91-44B8759196CE}.Release|Any CPU.ActiveCfg = Release|Any CPU
		{C53AEB29-3476-4243-AA91-44B8759196CE}.Release|Any CPU.Build.0 = Release|Any CPU
	EndGlobalSection
	GlobalSection(SolutionProperties) = preSolution
		HideSolutionNode = FALSE
	EndGlobalSection
	GlobalSection(ExtensibilityGlobals) = postSolution
		SolutionGuid = {AC3E401D-A0EB-4988-A2ED-945EAD1C55FE}
	EndGlobalSection
EndGlobal
